
Microsoft Visual Studio Solution File, Format Version 12.00
# Visual Studio Version 16
VisualStudioVersion = 16.0.30011.22
MinimumVisualStudioVersion = 10.0.40219.1
Project("{9A19103F-16F7-4668-BE54-9A1E7A4F7556}") = "JPenny.TaskExtensions", "src\JPenny.TaskExtensions\JPenny.TaskExtensions.csproj", "{2C5B3EBB-1EFA-40B1-AD0A-66BE2BD2EB26}"
EndProject
Project("{FAE04EC0-301F-11D3-BF4B-00C04F79EFBC}") = "JPenny.TaskExtensions.Tests", "tests\JPenny.TaskExtensions.Tests\JPenny.TaskExtensions.Tests.csproj", "{4BA89053-0723-4845-9D06-85EFAA63B243}"
EndProject
Project("{FAE04EC0-301F-11D3-BF4B-00C04F79EFBC}") = "JPenny.TaskExtensions.ConsoleApp", "examples\JPenny.TaskExtensions.ConsoleApp\JPenny.TaskExtensions.ConsoleApp.csproj", "{6568B5B4-B05F-4672-9447-2DEAD8D3156C}"
EndProject
Global
	GlobalSection(SolutionConfigurationPlatforms) = preSolution
		Debug|Any CPU = Debug|Any CPU
		Release|Any CPU = Release|Any CPU
	EndGlobalSection
	GlobalSection(ProjectConfigurationPlatforms) = postSolution
		{2C5B3EBB-1EFA-40B1-AD0A-66BE2BD2EB26}.Debug|Any CPU.ActiveCfg = Debug|Any CPU
		{2C5B3EBB-1EFA-40B1-AD0A-66BE2BD2EB26}.Debug|Any CPU.Build.0 = Debug|Any CPU
		{2C5B3EBB-1EFA-40B1-AD0A-66BE2BD2EB26}.Release|Any CPU.ActiveCfg = Release|Any CPU
		{2C5B3EBB-1EFA-40B1-AD0A-66BE2BD2EB26}.Release|Any CPU.Build.0 = Release|Any CPU
		{4BA89053-0723-4845-9D06-85EFAA63B243}.Debug|Any CPU.ActiveCfg = Debug|Any CPU
		{4BA89053-0723-4845-9D06-85EFAA63B243}.Debug|Any CPU.Build.0 = Debug|Any CPU
		{4BA89053-0723-4845-9D06-85EFAA63B243}.Release|Any CPU.ActiveCfg = Release|Any CPU
		{4BA89053-0723-4845-9D06-85EFAA63B243}.Release|Any CPU.Build.0 = Release|Any CPU
		{6568B5B4-B05F-4672-9447-2DEAD8D3156C}.Debug|Any CPU.ActiveCfg = Debug|Any CPU
		{6568B5B4-B05F-4672-9447-2DEAD8D3156C}.Debug|Any CPU.Build.0 = Debug|Any CPU
		{6568B5B4-B05F-4672-9447-2DEAD8D3156C}.Release|Any CPU.ActiveCfg = Release|Any CPU
		{6568B5B4-B05F-4672-9447-2DEAD8D3156C}.Release|Any CPU.Build.0 = Release|Any CPU
	EndGlobalSection
	GlobalSection(SolutionProperties) = preSolution
		HideSolutionNode = FALSE
	EndGlobalSection
	GlobalSection(ExtensibilityGlobals) = postSolution
		SolutionGuid = {522C7B03-37A6-43C2-818F-20BC761A4682}
	EndGlobalSection
EndGlobal
